
Microsoft Visual Studio Solution File, Format Version 12.00
# Visual Studio Version 16
VisualStudioVersion = 16.0.30114.105
MinimumVisualStudioVersion = 10.0.40219.1
Project("{2150E333-8FDC-42A3-9474-1A3956D46DE8}") = "src", "src", "{AC3021C9-1610-4C52-A789-5AA759DE7F3B}"
EndProject
Project("{2150E333-8FDC-42A3-9474-1A3956D46DE8}") = "tests", "tests", "{20BD5FCC-5028-4949-AEE5-B76DEDF2169B}"
EndProject
Project("{FAE04EC0-301F-11D3-BF4B-00C04F79EFBC}") = "Application", "src\Application\Application.csproj", "{F99A463E-E00F-4225-9F61-F593E863E2FA}"
EndProject
Project("{FAE04EC0-301F-11D3-BF4B-00C04F79EFBC}") = "Domain", "src\Domain\Domain.csproj", "{F92B3827-2593-4292-98E5-D41EC96696A6}"
EndProject
Project("{FAE04EC0-301F-11D3-BF4B-00C04F79EFBC}") = "Infrastructure", "src\Infrastructure\Infrastructure.csproj", "{1ADE655C-BE9E-4760-A7AA-0B73B8F8DB14}"
EndProject
Project("{FAE04EC0-301F-11D3-BF4B-00C04F79EFBC}") = "Domain.Tests.Unit", "tests\Domain.Tests.Unit\Domain.Tests.Unit.csproj", "{9089A224-0968-4F1E-B2B2-45624A75EC5B}"
EndProject
Global
	GlobalSection(SolutionConfigurationPlatforms) = preSolution
		Debug|Any CPU = Debug|Any CPU
		Release|Any CPU = Release|Any CPU
	EndGlobalSection
	GlobalSection(SolutionProperties) = preSolution
		HideSolutionNode = FALSE
	EndGlobalSection
	GlobalSection(NestedProjects) = preSolution
		{F99A463E-E00F-4225-9F61-F593E863E2FA} = {AC3021C9-1610-4C52-A789-5AA759DE7F3B}
		{F92B3827-2593-4292-98E5-D41EC96696A6} = {AC3021C9-1610-4C52-A789-5AA759DE7F3B}
		{1ADE655C-BE9E-4760-A7AA-0B73B8F8DB14} = {AC3021C9-1610-4C52-A789-5AA759DE7F3B}
		{9089A224-0968-4F1E-B2B2-45624A75EC5B} = {20BD5FCC-5028-4949-AEE5-B76DEDF2169B}
	EndGlobalSection
	GlobalSection(ProjectConfigurationPlatforms) = postSolution
		{F99A463E-E00F-4225-9F61-F593E863E2FA}.Debug|Any CPU.ActiveCfg = Debug|Any CPU
		{F99A463E-E00F-4225-9F61-F593E863E2FA}.Debug|Any CPU.Build.0 = Debug|Any CPU
		{F99A463E-E00F-4225-9F61-F593E863E2FA}.Release|Any CPU.ActiveCfg = Release|Any CPU
		{F99A463E-E00F-4225-9F61-F593E863E2FA}.Release|Any CPU.Build.0 = Release|Any CPU
		{F92B3827-2593-4292-98E5-D41EC96696A6}.Debug|Any CPU.ActiveCfg = Debug|Any CPU
		{F92B3827-2593-4292-98E5-D41EC96696A6}.Debug|Any CPU.Build.0 = Debug|Any CPU
		{F92B3827-2593-4292-98E5-D41EC96696A6}.Release|Any CPU.ActiveCfg = Release|Any CPU
		{F92B3827-2593-4292-98E5-D41EC96696A6}.Release|Any CPU.Build.0 = Release|Any CPU
		{1ADE655C-BE9E-4760-A7AA-0B73B8F8DB14}.Debug|Any CPU.ActiveCfg = Debug|Any CPU
		{1ADE655C-BE9E-4760-A7AA-0B73B8F8DB14}.Debug|Any CPU.Build.0 = Debug|Any CPU
		{1ADE655C-BE9E-4760-A7AA-0B73B8F8DB14}.Release|Any CPU.ActiveCfg = Release|Any CPU
		{1ADE655C-BE9E-4760-A7AA-0B73B8F8DB14}.Release|Any CPU.Build.0 = Release|Any CPU
		{9089A224-0968-4F1E-B2B2-45624A75EC5B}.Debug|Any CPU.ActiveCfg = Debug|Any CPU
		{9089A224-0968-4F1E-B2B2-45624A75EC5B}.Debug|Any CPU.Build.0 = Debug|Any CPU
		{9089A224-0968-4F1E-B2B2-45624A75EC5B}.Release|Any CPU.ActiveCfg = Release|Any CPU
		{9089A224-0968-4F1E-B2B2-45624A75EC5B}.Release|Any CPU.Build.0 = Release|Any CPU
	EndGlobalSection
EndGlobal
